# This file is automatically @generated by Cargo.
# It is not intended for manual editing.
version = 3

[[package]]
name = "lexers"
version = "0.1.4"

[[package]]
name = "libc"
version = "0.2.121"
source = "registry+https://github.com/rust-lang/crates.io-index"
checksum = "efaa7b300f3b5fe8eb6bf21ce3895e1751d9665086af2d64b42f19701015ff4f"

[[package]]
name = "lox"
version = "0.1.1"
dependencies = [
 "lexers",
 "time",
]

[[package]]
name = "num_threads"
version = "0.1.5"
source = "registry+https://github.com/rust-lang/crates.io-index"
checksum = "aba1801fb138d8e85e11d0fc70baf4fe1cdfffda7c6cd34a854905df588e5ed0"
dependencies = [
 "libc",
]

[[package]]
name = "time"
version = "0.3.9"
source = "registry+https://github.com/rust-lang/crates.io-index"
checksum = "c2702e08a7a860f005826c6815dcac101b19b5eb330c27fe4a5928fec1d20ddd"
dependencies = [
 "libc",
 "num_threads",
]
